
Microsoft Visual Studio Solution File, Format Version 12.00
# Visual Studio Version 17
VisualStudioVersion = 17.8.34525.116
MinimumVisualStudioVersion = 10.0.40219.1
Project("{FAE04EC0-301F-11D3-BF4B-00C04F79EFBC}") = "CiCd-MVC", "CiCd-MVC\CiCd-MVC.csproj", "{69291A9C-39A3-4243-8C01-799A57153BD5}"
EndProject
Global
	GlobalSection(SolutionConfigurationPlatforms) = preSolution
		Debug|Any CPU = Debug|Any CPU
		Release|Any CPU = Release|Any CPU
	EndGlobalSection
	GlobalSection(ProjectConfigurationPlatforms) = postSolution
		{69291A9C-39A3-4243-8C01-799A57153BD5}.Debug|Any CPU.ActiveCfg = Debug|Any CPU
		{69291A9C-39A3-4243-8C01-799A57153BD5}.Debug|Any CPU.Build.0 = Debug|Any CPU
		{69291A9C-39A3-4243-8C01-799A57153BD5}.Release|Any CPU.ActiveCfg = Release|Any CPU
		{69291A9C-39A3-4243-8C01-799A57153BD5}.Release|Any CPU.Build.0 = Release|Any CPU
	EndGlobalSection
	GlobalSection(SolutionProperties) = preSolution
		HideSolutionNode = FALSE
	EndGlobalSection
	GlobalSection(ExtensibilityGlobals) = postSolution
		SolutionGuid = {3F9915BB-FFB3-4968-BDDE-9225AB5BCCA2}
	EndGlobalSection
EndGlobal
